
Microsoft Visual Studio Solution File, Format Version 12.00
# Visual Studio 15
VisualStudioVersion = 15.0.27130.2026
MinimumVisualStudioVersion = 10.0.40219.1
Project("{FAE04EC0-301F-11D3-BF4B-00C04F79EFBC}") = "Chinook.DataAccess.Repository.Interfaces", "Chinook.DataAccess.Repository.Interfaces\Chinook.DataAccess.Repository.Interfaces.csproj", "{B8B38ED6-1637-4910-99DD-995A841A4194}"
EndProject
Project("{FAE04EC0-301F-11D3-BF4B-00C04F79EFBC}") = "Chinook.Entities.Base", "Chinook.Entities.Base\Chinook.Entities.Base.csproj", "{C62BC150-2AAD-4CF6-837B-7D6B9E275EDA}"
EndProject
Project("{FAE04EC0-301F-11D3-BF4B-00C04F79EFBC}") = "Chinook.DataAccess.Repository", "Chinook.DataAccess.Repository\Chinook.DataAccess.Repository.csproj", "{686CF1ED-9EE9-4DDD-904C-368EA6A9B98B}"
EndProject
Project("{FAE04EC0-301F-11D3-BF4B-00C04F79EFBC}") = "Chinook.DataAccess.Repository.UnitTest", "Chinook.DataAccess.Repository.UnitTest\Chinook.DataAccess.Repository.UnitTest.csproj", "{31E478FC-4CB9-4C9F-871D-39BF10DD9C94}"
EndProject
Project("{FAE04EC0-301F-11D3-BF4B-00C04F79EFBC}") = "Chinook.Entities.Queries", "Chinook.Entities.Queries\Chinook.Entities.Queries.csproj", "{2ED4EDFE-186D-4BDD-8CF9-9EC5C096667E}"
EndProject
Project("{FAE04EC0-301F-11D3-BF4B-00C04F79EFBC}") = "Chinook.Services.wcf", "Chinook.Services.wcf\Chinook.Services.wcf.csproj", "{CBAAAE89-48B6-44BF-B57B-DD3F7979348D}"
EndProject
Project("{FAE04EC0-301F-11D3-BF4B-00C04F79EFBC}") = "Chinook.UI.Web", "Chinook.UI.Web\Chinook.UI.Web.csproj", "{2B13C23D-663B-47A3-B333-FDB2863698AE}"
	ProjectSection(ProjectDependencies) = postProject
		{CBAAAE89-48B6-44BF-B57B-DD3F7979348D} = {CBAAAE89-48B6-44BF-B57B-DD3F7979348D}
	EndProjectSection
EndProject
Global
	GlobalSection(SolutionConfigurationPlatforms) = preSolution
		Debug|Any CPU = Debug|Any CPU
		Release|Any CPU = Release|Any CPU
	EndGlobalSection
	GlobalSection(ProjectConfigurationPlatforms) = postSolution
		{B8B38ED6-1637-4910-99DD-995A841A4194}.Debug|Any CPU.ActiveCfg = Debug|Any CPU
		{B8B38ED6-1637-4910-99DD-995A841A4194}.Debug|Any CPU.Build.0 = Debug|Any CPU
		{B8B38ED6-1637-4910-99DD-995A841A4194}.Release|Any CPU.ActiveCfg = Release|Any CPU
		{B8B38ED6-1637-4910-99DD-995A841A4194}.Release|Any CPU.Build.0 = Release|Any CPU
		{C62BC150-2AAD-4CF6-837B-7D6B9E275EDA}.Debug|Any CPU.ActiveCfg = Debug|Any CPU
		{C62BC150-2AAD-4CF6-837B-7D6B9E275EDA}.Debug|Any CPU.Build.0 = Debug|Any CPU
		{C62BC150-2AAD-4CF6-837B-7D6B9E275EDA}.Release|Any CPU.ActiveCfg = Release|Any CPU
		{C62BC150-2AAD-4CF6-837B-7D6B9E275EDA}.Release|Any CPU.Build.0 = Release|Any CPU
		{686CF1ED-9EE9-4DDD-904C-368EA6A9B98B}.Debug|Any CPU.ActiveCfg = Debug|Any CPU
		{686CF1ED-9EE9-4DDD-904C-368EA6A9B98B}.Debug|Any CPU.Build.0 = Debug|Any CPU
		{686CF1ED-9EE9-4DDD-904C-368EA6A9B98B}.Release|Any CPU.ActiveCfg = Release|Any CPU
		{686CF1ED-9EE9-4DDD-904C-368EA6A9B98B}.Release|Any CPU.Build.0 = Release|Any CPU
		{31E478FC-4CB9-4C9F-871D-39BF10DD9C94}.Debug|Any CPU.ActiveCfg = Debug|Any CPU
		{31E478FC-4CB9-4C9F-871D-39BF10DD9C94}.Debug|Any CPU.Build.0 = Debug|Any CPU
		{31E478FC-4CB9-4C9F-871D-39BF10DD9C94}.Release|Any CPU.ActiveCfg = Release|Any CPU
		{31E478FC-4CB9-4C9F-871D-39BF10DD9C94}.Release|Any CPU.Build.0 = Release|Any CPU
		{2ED4EDFE-186D-4BDD-8CF9-9EC5C096667E}.Debug|Any CPU.ActiveCfg = Debug|Any CPU
		{2ED4EDFE-186D-4BDD-8CF9-9EC5C096667E}.Debug|Any CPU.Build.0 = Debug|Any CPU
		{2ED4EDFE-186D-4BDD-8CF9-9EC5C096667E}.Release|Any CPU.ActiveCfg = Release|Any CPU
		{2ED4EDFE-186D-4BDD-8CF9-9EC5C096667E}.Release|Any CPU.Build.0 = Release|Any CPU
		{CBAAAE89-48B6-44BF-B57B-DD3F7979348D}.Debug|Any CPU.ActiveCfg = Debug|Any CPU
		{CBAAAE89-48B6-44BF-B57B-DD3F7979348D}.Debug|Any CPU.Build.0 = Debug|Any CPU
		{CBAAAE89-48B6-44BF-B57B-DD3F7979348D}.Release|Any CPU.ActiveCfg = Release|Any CPU
		{CBAAAE89-48B6-44BF-B57B-DD3F7979348D}.Release|Any CPU.Build.0 = Release|Any CPU
		{2B13C23D-663B-47A3-B333-FDB2863698AE}.Debug|Any CPU.ActiveCfg = Debug|Any CPU
		{2B13C23D-663B-47A3-B333-FDB2863698AE}.Debug|Any CPU.Build.0 = Debug|Any CPU
		{2B13C23D-663B-47A3-B333-FDB2863698AE}.Release|Any CPU.ActiveCfg = Release|Any CPU
		{2B13C23D-663B-47A3-B333-FDB2863698AE}.Release|Any CPU.Build.0 = Release|Any CPU
	EndGlobalSection
	GlobalSection(SolutionProperties) = preSolution
		HideSolutionNode = FALSE
	EndGlobalSection
	GlobalSection(ExtensibilityGlobals) = postSolution
		SolutionGuid = {357F4A82-99D1-4B79-A971-AB6BF32FFD98}
	EndGlobalSection
EndGlobal
