
Microsoft Visual Studio Solution File, Format Version 12.00
# Visual Studio 15
VisualStudioVersion = 15.0.27130.2026
MinimumVisualStudioVersion = 10.0.40219.1
Project("{FAE04EC0-301F-11D3-BF4B-00C04F79EFBC}") = "Chinook.UI.Windows", "Chinook.UI.Windows\Chinook.UI.Windows.csproj", "{66C1D342-6706-4977-A934-18D334095252}"
EndProject
Global
	GlobalSection(SolutionConfigurationPlatforms) = preSolution
		Debug|Any CPU = Debug|Any CPU
		Release|Any CPU = Release|Any CPU
	EndGlobalSection
	GlobalSection(ProjectConfigurationPlatforms) = postSolution
		{66C1D342-6706-4977-A934-18D334095252}.Debug|Any CPU.ActiveCfg = Debug|Any CPU
		{66C1D342-6706-4977-A934-18D334095252}.Debug|Any CPU.Build.0 = Debug|Any CPU
		{66C1D342-6706-4977-A934-18D334095252}.Release|Any CPU.ActiveCfg = Release|Any CPU
		{66C1D342-6706-4977-A934-18D334095252}.Release|Any CPU.Build.0 = Release|Any CPU
	EndGlobalSection
	GlobalSection(SolutionProperties) = preSolution
		HideSolutionNode = FALSE
	EndGlobalSection
	GlobalSection(ExtensibilityGlobals) = postSolution
		SolutionGuid = {C3EB6E86-E6E6-4E83-92B8-90FD47286782}
	EndGlobalSection
EndGlobal
